# THIS IS AN AUTOGENERATED FILE. DO NOT EDIT THIS FILE DIRECTLY.
# yarn lockfile v1


"@aws-cdk/assets@1.131.0":
  version "1.131.0"
  resolved "https://registry.yarnpkg.com/@aws-cdk/assets/-/assets-1.131.0.tgz#740a2155b38d8e841c285b9957c13f659f889266"
  integrity sha512-gl3NUiTpcdhnE0omzICRJzFxjOyQdu7PY30SQk65zqaZeI1bY4DTfx5i/VIgCa3v9zAb/ypPic0J0XJ+HINClg==
  dependencies:
    "@aws-cdk/core" "1.131.0"
    "@aws-cdk/cx-api" "1.131.0"
    constructs "^3.3.69"

"@aws-cdk/aws-acmpca@1.131.0":
  version "1.131.0"
  resolved "https://registry.yarnpkg.com/@aws-cdk/aws-acmpca/-/aws-acmpca-1.131.0.tgz#65e8c4f5abc87975d4389b6917de82373413382f"
  integrity sha512-UEM/7SEXfIIpLYJWdfNe9fmgHa8YcFyfTUk0c7QSAYjfuLGkZB5U89RftadgWyDNQQxOg6Qzg++auXBoL8K21w==
  dependencies:
    "@aws-cdk/core" "1.131.0"
    constructs "^3.3.69"

"@aws-cdk/aws-apigateway@^1.131.0":
  version "1.131.0"
  resolved "https://registry.yarnpkg.com/@aws-cdk/aws-apigateway/-/aws-apigateway-1.131.0.tgz#03275ac707f3250bc0b317ad62b448586f083ecc"
  integrity sha512-0kt7ZLibQO4UG4jNpVvL4BJFkWIw2+A4H7H+d9PF/Evi//aTXQ6vR3P+tMZAg9S+3ll85KlfZFgqY6MHdliKJA==
  dependencies:
    "@aws-cdk/aws-certificatemanager" "1.131.0"
    "@aws-cdk/aws-cloudwatch" "1.131.0"
    "@aws-cdk/aws-cognito" "1.131.0"
    "@aws-cdk/aws-ec2" "1.131.0"
    "@aws-cdk/aws-elasticloadbalancingv2" "1.131.0"
    "@aws-cdk/aws-iam" "1.131.0"
    "@aws-cdk/aws-lambda" "1.131.0"
    "@aws-cdk/aws-logs" "1.131.0"
    "@aws-cdk/aws-s3" "1.131.0"
    "@aws-cdk/aws-s3-assets" "1.131.0"
    "@aws-cdk/core" "1.131.0"
    "@aws-cdk/cx-api" "1.131.0"
    constructs "^3.3.69"

"@aws-cdk/aws-applicationautoscaling@1.131.0":
  version "1.131.0"
  resolved "https://registry.yarnpkg.com/@aws-cdk/aws-applicationautoscaling/-/aws-applicationautoscaling-1.131.0.tgz#d5f474c16f50728681aee9aaf60b63248bc4e9db"
  integrity sha512-08wSYLE8jAe455TBcqaEVTBhFqmbdywjq40894g/qCkarA5lQxi7FdhCv+mycOAN6ipdNl2AAWHgGcwWpK//uw==
  dependencies:
    "@aws-cdk/aws-autoscaling-common" "1.131.0"
    "@aws-cdk/aws-cloudwatch" "1.131.0"
    "@aws-cdk/aws-iam" "1.131.0"
    "@aws-cdk/core" "1.131.0"
    constructs "^3.3.69"

"@aws-cdk/aws-autoscaling-common@1.131.0":
  version "1.131.0"
  resolved "https://registry.yarnpkg.com/@aws-cdk/aws-autoscaling-common/-/aws-autoscaling-common-1.131.0.tgz#bdc3f96090e6ba7259b00ac1ad7b6ef8804bba6b"
  integrity sha512-eoLYT9e+Oy/WleXdu0YZkTfwFpYdYUX4KW8EWflqAs2DCboT+YMNIJSYYQPgH1PZ0Zp1zALVmmEjpcyJWlOjWg==
  dependencies:
    "@aws-cdk/aws-iam" "1.131.0"
    "@aws-cdk/core" "1.131.0"
    constructs "^3.3.69"

"@aws-cdk/aws-certificatemanager@1.131.0":
  version "1.131.0"
  resolved "https://registry.yarnpkg.com/@aws-cdk/aws-certificatemanager/-/aws-certificatemanager-1.131.0.tgz#ee97cfff88f8535db0d002b2ad0a979606bf5416"
  integrity sha512-3t1Afy5Az+MY4WRZrDMATC3HXbq8g4eJlD+NTZOUjwmHFvK3TQLnmXjWBU6hh7k9myv1Iu7XJjRLxMWOHYgNEw==
  dependencies:
    "@aws-cdk/aws-acmpca" "1.131.0"
    "@aws-cdk/aws-cloudwatch" "1.131.0"
    "@aws-cdk/aws-iam" "1.131.0"
    "@aws-cdk/aws-lambda" "1.131.0"
    "@aws-cdk/aws-route53" "1.131.0"
    "@aws-cdk/core" "1.131.0"
    constructs "^3.3.69"

"@aws-cdk/aws-cloudformation@1.131.0":
  version "1.131.0"
  resolved "https://registry.yarnpkg.com/@aws-cdk/aws-cloudformation/-/aws-cloudformation-1.131.0.tgz#2b1d9188048dea5e578ecd504b7b5a97539b0f81"
  integrity sha512-vFTW3XIoiT4NLSXEKXz0cY62fM5leNnjZtiQUN07GWTaSqyWXjZCy4/GtEjwa9gYlsY8jicNtir9GbzlPcRf1Q==
  dependencies:
    "@aws-cdk/aws-iam" "1.131.0"
    "@aws-cdk/aws-lambda" "1.131.0"
    "@aws-cdk/aws-s3" "1.131.0"
    "@aws-cdk/aws-sns" "1.131.0"
    "@aws-cdk/core" "1.131.0"
    "@aws-cdk/cx-api" "1.131.0"
    constructs "^3.3.69"

"@aws-cdk/aws-cloudwatch@1.131.0":
  version "1.131.0"
  resolved "https://registry.yarnpkg.com/@aws-cdk/aws-cloudwatch/-/aws-cloudwatch-1.131.0.tgz#b40217d05d7c794e4c1762c8fa626bbc8701b08e"
  integrity sha512-eT6Y61bzCr47MW+RxHNjSVwhxtsomTaG2cFeuKzPV742wfEUGH4DoNK3iwrLoeBZA//1YDKjFCDJ6BryTXTsGw==
  dependencies:
    "@aws-cdk/aws-iam" "1.131.0"
    "@aws-cdk/core" "1.131.0"
    constructs "^3.3.69"

"@aws-cdk/aws-codeguruprofiler@1.131.0":
  version "1.131.0"
  resolved "https://registry.yarnpkg.com/@aws-cdk/aws-codeguruprofiler/-/aws-codeguruprofiler-1.131.0.tgz#76e8777a92849e375ee4baddf024a5bc2449cc3e"
  integrity sha512-ulfNQIOn14l7zdFVLCMKvI2i/TDIOpzRtWApwVZRx1+QejUy6XFB53YsbG8r6oG/C10gIv/qRWZVXU0czm24Kw==
  dependencies:
    "@aws-cdk/aws-iam" "1.131.0"
    "@aws-cdk/core" "1.131.0"
    constructs "^3.3.69"

"@aws-cdk/aws-codestarnotifications@1.131.0":
  version "1.131.0"
  resolved "https://registry.yarnpkg.com/@aws-cdk/aws-codestarnotifications/-/aws-codestarnotifications-1.131.0.tgz#4207d1df29afe779c365c903a22ebbad5d2c4bb4"
  integrity sha512-aN6bmjabpOE2HRFTBqvraopzltuujxUlUVOJM/ijeohzYN6h//p/OcF2ywJ9vZQ/Wdz/mUnsH34hXQQ766PE0g==
  dependencies:
    "@aws-cdk/core" "1.131.0"
    constructs "^3.3.69"

"@aws-cdk/aws-cognito@1.131.0":
  version "1.131.0"
  resolved "https://registry.yarnpkg.com/@aws-cdk/aws-cognito/-/aws-cognito-1.131.0.tgz#744c583a80bbf7c5f05f3d69d9cb9c868b62b127"
  integrity sha512-fUrgOOvZY+4JgWz9vLry9JQiHqhKH3l/Ay0l2xRnPygCa5xgMDh0VHJ2FYVysl6lIhj26uea9Sk5nTqokeTyRQ==
  dependencies:
    "@aws-cdk/aws-certificatemanager" "1.131.0"
    "@aws-cdk/aws-iam" "1.131.0"
    "@aws-cdk/aws-lambda" "1.131.0"
    "@aws-cdk/core" "1.131.0"
    "@aws-cdk/custom-resources" "1.131.0"
    constructs "^3.3.69"
    punycode "^2.1.1"

"@aws-cdk/aws-ec2@1.131.0":
  version "1.131.0"
  resolved "https://registry.yarnpkg.com/@aws-cdk/aws-ec2/-/aws-ec2-1.131.0.tgz#54efa6dd2c031102b1bb363cb6c25bcfb8c0d320"
  integrity sha512-les6UcYAJsqTJgZeMrmdIIJ8J+Obsa8h3uwW/w20UAhI640qRlLkQmAiZu04v/VNXGQ13VWdOWe3STN/C/hfLA==
  dependencies:
    "@aws-cdk/aws-cloudwatch" "1.131.0"
    "@aws-cdk/aws-iam" "1.131.0"
    "@aws-cdk/aws-kms" "1.131.0"
    "@aws-cdk/aws-logs" "1.131.0"
    "@aws-cdk/aws-s3" "1.131.0"
    "@aws-cdk/aws-s3-assets" "1.131.0"
    "@aws-cdk/aws-ssm" "1.131.0"
    "@aws-cdk/cloud-assembly-schema" "1.131.0"
    "@aws-cdk/core" "1.131.0"
    "@aws-cdk/cx-api" "1.131.0"
    "@aws-cdk/region-info" "1.131.0"
    constructs "^3.3.69"

"@aws-cdk/aws-ecr-assets@1.131.0":
  version "1.131.0"
  resolved "https://registry.yarnpkg.com/@aws-cdk/aws-ecr-assets/-/aws-ecr-assets-1.131.0.tgz#4016934a7007f47e7f510eee421b7ecfe286b602"
  integrity sha512-D99OxxWre6v9T12XKDIpSQ2jaT8kKnTmeiEt0BE4p1NYMBnu3TZXzMO1gl5+2MM+Aiys/I+XqWNeMhCfrFgt1g==
  dependencies:
    "@aws-cdk/assets" "1.131.0"
    "@aws-cdk/aws-ecr" "1.131.0"
    "@aws-cdk/aws-iam" "1.131.0"
    "@aws-cdk/aws-s3" "1.131.0"
    "@aws-cdk/core" "1.131.0"
    "@aws-cdk/cx-api" "1.131.0"
    constructs "^3.3.69"
    minimatch "^3.0.4"

"@aws-cdk/aws-ecr@1.131.0":
  version "1.131.0"
  resolved "https://registry.yarnpkg.com/@aws-cdk/aws-ecr/-/aws-ecr-1.131.0.tgz#7cae9466dceb0109e293f00aed710217ba073de3"
  integrity sha512-RXASOgovwKZU0UKP2EcS9NuDXg/GGTg1vPZH0M5ldsYE6EBx7K8HKon84FMa1OvITKDp+Z/IigVG7NfgnSVP5w==
  dependencies:
    "@aws-cdk/aws-events" "1.131.0"
    "@aws-cdk/aws-iam" "1.131.0"
    "@aws-cdk/core" "1.131.0"
    constructs "^3.3.69"

"@aws-cdk/aws-efs@1.131.0":
  version "1.131.0"
  resolved "https://registry.yarnpkg.com/@aws-cdk/aws-efs/-/aws-efs-1.131.0.tgz#ffaa3e6f48f6e9e46084f37a797623f5752cf7a0"
  integrity sha512-tjeWzlB0T2BXdqQjapW3H5zTG0d5V0h2kRe2OfaWXnAWwsaK3mdJJfG3BPZpCMkdnuyQh5y/HWujA8xww+uYCQ==
  dependencies:
    "@aws-cdk/aws-ec2" "1.131.0"
    "@aws-cdk/aws-iam" "1.131.0"
    "@aws-cdk/aws-kms" "1.131.0"
    "@aws-cdk/cloud-assembly-schema" "1.131.0"
    "@aws-cdk/core" "1.131.0"
    "@aws-cdk/cx-api" "1.131.0"
    constructs "^3.3.69"

"@aws-cdk/aws-elasticloadbalancingv2@1.131.0", "@aws-cdk/aws-elasticloadbalancingv2@^1.131.0":
  version "1.131.0"
  resolved "https://registry.yarnpkg.com/@aws-cdk/aws-elasticloadbalancingv2/-/aws-elasticloadbalancingv2-1.131.0.tgz#cbe297bc72c3dc729f11bd496fb359ad7b6590a8"
  integrity sha512-ZM8J+a0QeUVpL3drO7bOTfUp/ntKb5S8q9CYyU2f5952TqLIb1/3uUq/PcT0pAmS7lcNb17lvkgS0vs1Vp5eDA==
  dependencies:
    "@aws-cdk/aws-certificatemanager" "1.131.0"
    "@aws-cdk/aws-cloudwatch" "1.131.0"
    "@aws-cdk/aws-ec2" "1.131.0"
    "@aws-cdk/aws-iam" "1.131.0"
    "@aws-cdk/aws-lambda" "1.131.0"
    "@aws-cdk/aws-s3" "1.131.0"
    "@aws-cdk/cloud-assembly-schema" "1.131.0"
    "@aws-cdk/core" "1.131.0"
    "@aws-cdk/cx-api" "1.131.0"
    "@aws-cdk/region-info" "1.131.0"
    constructs "^3.3.69"

"@aws-cdk/aws-events@1.131.0":
  version "1.131.0"
  resolved "https://registry.yarnpkg.com/@aws-cdk/aws-events/-/aws-events-1.131.0.tgz#a493d7c24babcad358d29bc9c4a1f4304fbc97ad"
  integrity sha512-0ADuYN6m51Z4/u0qmao8106u64Fnvjr/nBM7vwP6ZKIrsh7qV5Xq10Btbg5m7nDU2w73L5fFSBfaKz3IJG/gPQ==
  dependencies:
    "@aws-cdk/aws-iam" "1.131.0"
    "@aws-cdk/core" "1.131.0"
    constructs "^3.3.69"

"@aws-cdk/aws-iam@1.131.0", "@aws-cdk/aws-iam@^1.131.0":
  version "1.131.0"
  resolved "https://registry.yarnpkg.com/@aws-cdk/aws-iam/-/aws-iam-1.131.0.tgz#b7a59e8a4f7f5aa47b59537be6548726ea0328ca"
  integrity sha512-DvqfbdtSy1K2/+ga5X1CTdPv9EzPR5/eNYxrwugcCJZW/Ll7DeF5TKAlfA9e0/bev00T9aWQYSDipVji60fS9g==
  dependencies:
    "@aws-cdk/core" "1.131.0"
    "@aws-cdk/region-info" "1.131.0"
    constructs "^3.3.69"

"@aws-cdk/aws-kms@1.131.0":
  version "1.131.0"
  resolved "https://registry.yarnpkg.com/@aws-cdk/aws-kms/-/aws-kms-1.131.0.tgz#b79a72c31506fd682438f9ad0b3e3d201bc2dea2"
  integrity sha512-dqM1qMXhZbUAHJ0k3fdIIvGQQ7o8rgoSVhBtqlKD35HnCe9kDOBaf+ZxrDPmAtOlN9VHOtstnyg9g2z9prYBXQ==
  dependencies:
    "@aws-cdk/aws-iam" "1.131.0"
    "@aws-cdk/cloud-assembly-schema" "1.131.0"
    "@aws-cdk/core" "1.131.0"
    "@aws-cdk/cx-api" "1.131.0"
    constructs "^3.3.69"

"@aws-cdk/aws-lambda@1.131.0":
  version "1.131.0"
  resolved "https://registry.yarnpkg.com/@aws-cdk/aws-lambda/-/aws-lambda-1.131.0.tgz#65e14e2070f4c2664764ccdcdfafe81210279bf2"
  integrity sha512-yTk/GL6WzJdgyjTUdgnOrtMvrhzJfdRQI5zKeF9ybvwKFrXB9vjgLsg7vm4awZKYqUi1PEbs2cYFwjdSiUe1Rg==
  dependencies:
    "@aws-cdk/aws-applicationautoscaling" "1.131.0"
    "@aws-cdk/aws-cloudwatch" "1.131.0"
    "@aws-cdk/aws-codeguruprofiler" "1.131.0"
    "@aws-cdk/aws-ec2" "1.131.0"
    "@aws-cdk/aws-ecr" "1.131.0"
    "@aws-cdk/aws-ecr-assets" "1.131.0"
    "@aws-cdk/aws-efs" "1.131.0"
    "@aws-cdk/aws-events" "1.131.0"
    "@aws-cdk/aws-iam" "1.131.0"
    "@aws-cdk/aws-kms" "1.131.0"
    "@aws-cdk/aws-logs" "1.131.0"
    "@aws-cdk/aws-s3" "1.131.0"
    "@aws-cdk/aws-s3-assets" "1.131.0"
    "@aws-cdk/aws-signer" "1.131.0"
    "@aws-cdk/aws-sqs" "1.131.0"
    "@aws-cdk/core" "1.131.0"
    "@aws-cdk/cx-api" "1.131.0"
    "@aws-cdk/region-info" "1.131.0"
    constructs "^3.3.69"

"@aws-cdk/aws-logs@1.131.0", "@aws-cdk/aws-logs@^1.131.0":
  version "1.131.0"
  resolved "https://registry.yarnpkg.com/@aws-cdk/aws-logs/-/aws-logs-1.131.0.tgz#65714b4f742e561a0171f94189d32bc19a8b7b80"
  integrity sha512-9URP82evwM395RAKHbVi1/umiDwBWXtqG71OxFsQlpKQ1GQ6nQNSRnCSPznT3b1DPlKLvvCPRCpRZMQMg0i7mg==
  dependencies:
    "@aws-cdk/aws-cloudwatch" "1.131.0"
    "@aws-cdk/aws-iam" "1.131.0"
    "@aws-cdk/aws-kms" "1.131.0"
    "@aws-cdk/aws-s3-assets" "1.131.0"
    "@aws-cdk/core" "1.131.0"
    constructs "^3.3.69"

"@aws-cdk/aws-route53@1.131.0":
  version "1.131.0"
  resolved "https://registry.yarnpkg.com/@aws-cdk/aws-route53/-/aws-route53-1.131.0.tgz#8e90d81cd79943df671041d72c58445488e616ac"
  integrity sha512-d5WBijV2+vbxNALcpZTUKXLb37e06mMh0oGzC//k853XHOqZ/vntft+XeQHdOUJHZW939W28Oy9wRGgGUny5Ww==
  dependencies:
    "@aws-cdk/aws-ec2" "1.131.0"
    "@aws-cdk/aws-iam" "1.131.0"
    "@aws-cdk/aws-logs" "1.131.0"
    "@aws-cdk/cloud-assembly-schema" "1.131.0"
    "@aws-cdk/core" "1.131.0"
    "@aws-cdk/custom-resources" "1.131.0"
    constructs "^3.3.69"

"@aws-cdk/aws-s3-assets@1.131.0":
  version "1.131.0"
  resolved "https://registry.yarnpkg.com/@aws-cdk/aws-s3-assets/-/aws-s3-assets-1.131.0.tgz#c39b6aa3e25392166056a0ae2e877b478eedf4e4"
  integrity sha512-fqWxYDK5PITwu3nji60qbKBKbMmrxvUm0fsRkClNNcXQ+cBP3G1s9VdyArAkXCPgVEHjEwcVKh+VrD35zvrTwQ==
  dependencies:
    "@aws-cdk/assets" "1.131.0"
    "@aws-cdk/aws-iam" "1.131.0"
    "@aws-cdk/aws-kms" "1.131.0"
    "@aws-cdk/aws-s3" "1.131.0"
    "@aws-cdk/core" "1.131.0"
    "@aws-cdk/cx-api" "1.131.0"
    constructs "^3.3.69"

"@aws-cdk/aws-s3@1.131.0":
  version "1.131.0"
  resolved "https://registry.yarnpkg.com/@aws-cdk/aws-s3/-/aws-s3-1.131.0.tgz#be0965b4c8299c88e22c53779700adc170b2fadd"
  integrity sha512-LODuV5tPmrH7nPhb2mlyfprFnE6obsF5CKRuWFnE1zCq/46Wuy3VSjb8ON+ukxx7uOBbeJhoaclW1oKPIL3PwA==
  dependencies:
    "@aws-cdk/aws-events" "1.131.0"
    "@aws-cdk/aws-iam" "1.131.0"
    "@aws-cdk/aws-kms" "1.131.0"
    "@aws-cdk/core" "1.131.0"
    "@aws-cdk/cx-api" "1.131.0"
    constructs "^3.3.69"

"@aws-cdk/aws-signer@1.131.0":
  version "1.131.0"
  resolved "https://registry.yarnpkg.com/@aws-cdk/aws-signer/-/aws-signer-1.131.0.tgz#de9ef5f9537f25bdd822a291c8e8e1d2a9049da2"
  integrity sha512-tfqcwecMqShOsi5/2nnEtR8LD0lXrzrYbeuuhzEKhw8KSTBv8xWtsRb6pmvnLIlQJOb5p7ry1KuRPg5P4o8atg==
  dependencies:
    "@aws-cdk/core" "1.131.0"
    constructs "^3.3.69"

"@aws-cdk/aws-sns@1.131.0":
  version "1.131.0"
  resolved "https://registry.yarnpkg.com/@aws-cdk/aws-sns/-/aws-sns-1.131.0.tgz#62932b8f8cccfc4839b4ef4c6c51bb935ff4dfc1"
  integrity sha512-zEiRbj16J7gHD6MUAbpLMz/ZpxGtPFZAStm+8S3y2mLIz+fjOW8S7c5sSsph1zzK6Naxv4lsKQtlFEEAth7zQg==
  dependencies:
    "@aws-cdk/aws-cloudwatch" "1.131.0"
    "@aws-cdk/aws-codestarnotifications" "1.131.0"
    "@aws-cdk/aws-events" "1.131.0"
    "@aws-cdk/aws-iam" "1.131.0"
    "@aws-cdk/aws-kms" "1.131.0"
    "@aws-cdk/aws-sqs" "1.131.0"
    "@aws-cdk/core" "1.131.0"
    constructs "^3.3.69"

"@aws-cdk/aws-sqs@1.131.0":
  version "1.131.0"
  resolved "https://registry.yarnpkg.com/@aws-cdk/aws-sqs/-/aws-sqs-1.131.0.tgz#fd1683822597792e94ab851458a7d8fad7567d7e"
  integrity sha512-5Pl8neqzO3T2VmIIc2Dov/QF23YJyMccYE6pIrICGqdsYnGj/jTnsRRqKHLlEKjztEsHeHdX51+9T3Q/2yIGVA==
  dependencies:
    "@aws-cdk/aws-cloudwatch" "1.131.0"
    "@aws-cdk/aws-iam" "1.131.0"
    "@aws-cdk/aws-kms" "1.131.0"
    "@aws-cdk/core" "1.131.0"
    constructs "^3.3.69"

"@aws-cdk/aws-ssm@1.131.0":
  version "1.131.0"
  resolved "https://registry.yarnpkg.com/@aws-cdk/aws-ssm/-/aws-ssm-1.131.0.tgz#f4fb840350209729fb51bd2cbc58f698997df903"
  integrity sha512-jA8lZy+LH8a5qkIAfqWz2qOepO2r7ihCsBrcCtVMC+D3lE1KkJ1JrgrPvqmMcm1MxhhQs8H2n5pNrhmR4qZ6Jw==
  dependencies:
    "@aws-cdk/aws-iam" "1.131.0"
    "@aws-cdk/aws-kms" "1.131.0"
    "@aws-cdk/cloud-assembly-schema" "1.131.0"
    "@aws-cdk/core" "1.131.0"
    constructs "^3.3.69"

"@aws-cdk/cloud-assembly-schema@1.131.0":
  version "1.131.0"
  resolved "https://registry.yarnpkg.com/@aws-cdk/cloud-assembly-schema/-/cloud-assembly-schema-1.131.0.tgz#d5bbfb50107c3b5081fabb19c26b752033fbf231"
  integrity sha512-azF69hqd3YvwxBVUZ6a1e++iENo+bSDSk0lqYLcN4EXWsXzjPRgoC39jj3lLPqsoJrCq0AA1M+bS9Qhl0RuUJw==
  dependencies:
    jsonschema "^1.4.0"
    semver "^7.3.5"

"@aws-cdk/core@1.131.0", "@aws-cdk/core@^1.131.0":
  version "1.131.0"
  resolved "https://registry.yarnpkg.com/@aws-cdk/core/-/core-1.131.0.tgz#e1cb68ae09adee01012061800498669a69abc7c4"
  integrity sha512-X48H0yvF1fBeL8Dz6pR8rqCHCB8aI7xXTrYWbHnR9J7xwf4r1Tkotx9PNUqseSjzsm0Z8vTUkxiuwYPI17XtSQ==
  dependencies:
    "@aws-cdk/cloud-assembly-schema" "1.131.0"
    "@aws-cdk/cx-api" "1.131.0"
    "@aws-cdk/region-info" "1.131.0"
    "@balena/dockerignore" "^1.0.2"
    constructs "^3.3.69"
    fs-extra "^9.1.0"
    ignore "^5.1.9"
    minimatch "^3.0.4"

"@aws-cdk/custom-resources@1.131.0":
  version "1.131.0"
  resolved "https://registry.yarnpkg.com/@aws-cdk/custom-resources/-/custom-resources-1.131.0.tgz#d272d39bf7e6633c8049b45829672af368033726"
  integrity sha512-Z4h53DU9EvXh0OttiZ1B+UFm5Bjr0q4TKM0i/KC+laWK9BwmOT0UWKR7AslUylq2X2zTwQpiUKiTgwnYFKFkeQ==
  dependencies:
    "@aws-cdk/aws-cloudformation" "1.131.0"
    "@aws-cdk/aws-ec2" "1.131.0"
    "@aws-cdk/aws-iam" "1.131.0"
    "@aws-cdk/aws-lambda" "1.131.0"
    "@aws-cdk/aws-logs" "1.131.0"
    "@aws-cdk/aws-sns" "1.131.0"
    "@aws-cdk/core" "1.131.0"
    constructs "^3.3.69"

"@aws-cdk/cx-api@1.131.0":
  version "1.131.0"
  resolved "https://registry.yarnpkg.com/@aws-cdk/cx-api/-/cx-api-1.131.0.tgz#a0b48dfb1045f4d3553361655348c17c50e55d56"
  integrity sha512-MlgzsOvlyU6uyQJpZclcvoDQKqhIQwagObCiXM+/IfmtccURcIPLzTA68/8s2t9S7Y9KUFoymRSOjLps8ghJ8Q==
  dependencies:
    "@aws-cdk/cloud-assembly-schema" "1.131.0"
    semver "^7.3.5"

"@aws-cdk/region-info@1.131.0":
  version "1.131.0"
  resolved "https://registry.yarnpkg.com/@aws-cdk/region-info/-/region-info-1.131.0.tgz#26a8527cc6def0cc92a6a72b7379370a18951170"
  integrity sha512-5reys4utb3fjKD7Zqf8AelAw7+WTxqJpdDd5mzXeTQvRYPVT5nLFl+K8by0vIg9Gh/fss6OIA22/+CErmoQRtA==

"@balena/dockerignore@^1.0.2":
  version "1.0.2"
  resolved "https://registry.yarnpkg.com/@balena/dockerignore/-/dockerignore-1.0.2.tgz#9ffe4726915251e8eb69f44ef3547e0da2c03e0d"
  integrity sha512-wMue2Sy4GAVTk6Ic4tJVcnfdau+gx2EnG7S+uAEe+TWJFqE4YoWN4/H8MSLj4eYJKxGg26lZwboEniNiNwZQ6Q==

at-least-node@^1.0.0:
  version "1.0.0"
  resolved "https://registry.yarnpkg.com/at-least-node/-/at-least-node-1.0.0.tgz#602cd4b46e844ad4effc92a8011a3c46e0238dc2"
  integrity sha512-+q/t7Ekv1EDY2l6Gda6LLiX14rU9TV20Wa3ofeQmwPFZbOMo9DXrLbOjFaaclkXKWidIaopwAObQDqwWtGUjqg==

aws-cdk@latest:
  version "2.29.1"
  resolved "https://registry.yarnpkg.com/aws-cdk/-/aws-cdk-2.29.1.tgz#3b7360c6d195c23cbdb7c994d88e777d4ad106c8"
  integrity sha512-JRuxHfMPR7kpGrk5fA1NgBmTLPpVa2gIRf5Pz+T9XaHM0lB8QLOkjXD6O5UJvgQtx/rwYAyD8b+n3b1rKaEGRQ==
  optionalDependencies:
    fsevents "2.3.2"

balanced-match@^1.0.0:
  version "1.0.2"
  resolved "https://registry.yarnpkg.com/balanced-match/-/balanced-match-1.0.2.tgz#e83e3a7e3f300b34cb9d87f615fa0cbf357690ee"
  integrity sha512-3oSeUO0TMV67hN1AmbXsK4yaqU7tjiHlbxRDZOpH0KW9+CeX4bRAaX0Anxt0tx2MrpRpWwQaPwIlISEJhYU5Pw==

brace-expansion@^1.1.7:
  version "1.1.11"
  resolved "https://registry.yarnpkg.com/brace-expansion/-/brace-expansion-1.1.11.tgz#3c7fcbf529d87226f3d2f52b966ff5271eb441dd"
  integrity sha512-iCuPHDFgrHX7H2vEI/5xpz07zSHB00TpugqhmYtVmMO6518mCuRMoOYFldEBl0g187ufozdaHgWKcYFb61qGiA==
  dependencies:
    balanced-match "^1.0.0"
    concat-map "0.0.1"

concat-map@0.0.1:
  version "0.0.1"
  resolved "https://registry.yarnpkg.com/concat-map/-/concat-map-0.0.1.tgz#d8a96bd77fd68df7793a73036a3ba0d5405d477b"
  integrity sha1-2Klr13/Wjfd5OnMDajug1UBdR3s=

constructs@^3.3.69:
  version "3.3.161"
  resolved "https://registry.yarnpkg.com/constructs/-/constructs-3.3.161.tgz#9726b1d450f3b9aca7907230f2248e3fd4058ce4"
  integrity sha512-/27vW3fo0iyb3py4vKI1BduEYmv8vv8uJgLXvI+5F0Jbnn0/E+As2wkGMa7bumhzCd0Ckv/USkAXstGYVXTYQA==

fs-extra@^9.1.0:
  version "9.1.0"
  resolved "https://registry.yarnpkg.com/fs-extra/-/fs-extra-9.1.0.tgz#5954460c764a8da2094ba3554bf839e6b9a7c86d"
  integrity sha512-hcg3ZmepS30/7BSFqRvoo3DOMQu7IjqxO5nCDt+zM9XWjb33Wg7ziNT+Qvqbuc3+gWpzO02JubVyk2G4Zvo1OQ==
  dependencies:
    at-least-node "^1.0.0"
    graceful-fs "^4.2.0"
    jsonfile "^6.0.1"
    universalify "^2.0.0"

fs.realpath@^1.0.0:
  version "1.0.0"
  resolved "https://registry.yarnpkg.com/fs.realpath/-/fs.realpath-1.0.0.tgz#1504ad2523158caa40db4a2787cb01411994ea4f"
  integrity sha1-FQStJSMVjKpA20onh8sBQRmU6k8=

fsevents@2.3.2:
  version "2.3.2"
  resolved "https://registry.yarnpkg.com/fsevents/-/fsevents-2.3.2.tgz#8a526f78b8fdf4623b709e0b975c52c24c02fd1a"
  integrity sha512-xiqMQR4xAeHTuB9uWm+fFRcIOgKBMiOBP+eXiyT7jsgVCq1bkVygt00oASowB7EdtpOHaaPgKt812P9ab+DDKA==

glob@^7.1.3:
  version "7.2.0"
  resolved "https://registry.yarnpkg.com/glob/-/glob-7.2.0.tgz#d15535af7732e02e948f4c41628bd910293f6023"
  integrity sha512-lmLf6gtyrPq8tTjSmrO94wBeQbFR3HbLHbuyD69wuyQkImp2hWqMGB47OX65FBkPffO641IP9jWa1z4ivqG26Q==
  dependencies:
    fs.realpath "^1.0.0"
    inflight "^1.0.4"
    inherits "2"
    minimatch "^3.0.4"
    once "^1.3.0"
    path-is-absolute "^1.0.0"

graceful-fs@^4.1.6, graceful-fs@^4.2.0:
  version "4.2.8"
  resolved "https://registry.yarnpkg.com/graceful-fs/-/graceful-fs-4.2.8.tgz#e412b8d33f5e006593cbd3cee6df9f2cebbe802a"
  integrity sha512-qkIilPUYcNhJpd33n0GBXTB1MMPp14TxEsEs0pTrsSVucApsYzW5V+Q8Qxhik6KU3evy+qkAAowTByymK0avdg==

ignore@^5.1.9:
  version "5.1.9"
  resolved "https://registry.yarnpkg.com/ignore/-/ignore-5.1.9.tgz#9ec1a5cbe8e1446ec60d4420060d43aa6e7382fb"
  integrity sha512-2zeMQpbKz5dhZ9IwL0gbxSW5w0NK/MSAMtNuhgIHEPmaU3vPdKPL0UdvUCXs5SS4JAwsBxysK5sFMW8ocFiVjQ==

inflight@^1.0.4:
  version "1.0.6"
  resolved "https://registry.yarnpkg.com/inflight/-/inflight-1.0.6.tgz#49bd6331d7d02d0c09bc910a1075ba8165b56df9"
  integrity sha1-Sb1jMdfQLQwJvJEKEHW6gWW1bfk=
  dependencies:
    once "^1.3.0"
    wrappy "1"

inherits@2:
  version "2.0.4"
  resolved "https://registry.yarnpkg.com/inherits/-/inherits-2.0.4.tgz#0fa2c64f932917c3433a0ded55363aae37416b7c"
  integrity sha512-k/vGaX4/Yla3WzyMCvTQOXYeIHvqOKtnqBduzTHpzpQZzAskKMhZ2K+EnBiSM9zGSoIFeMpXKxa4dYeZIQqewQ==

jsonfile@^6.0.1:
  version "6.1.0"
  resolved "https://registry.yarnpkg.com/jsonfile/-/jsonfile-6.1.0.tgz#bc55b2634793c679ec6403094eb13698a6ec0aae"
  integrity sha512-5dgndWOriYSm5cnYaJNhalLNDKOqFwyDB/rr1E9ZsGciGvKPs8R2xYGCacuf3z6K1YKDz182fd+fY3cn3pMqXQ==
  dependencies:
    universalify "^2.0.0"
  optionalDependencies:
    graceful-fs "^4.1.6"

jsonschema@^1.4.0:
  version "1.4.0"
  resolved "https://registry.yarnpkg.com/jsonschema/-/jsonschema-1.4.0.tgz#1afa34c4bc22190d8e42271ec17ac8b3404f87b2"
  integrity sha512-/YgW6pRMr6M7C+4o8kS+B/2myEpHCrxO4PEWnqJNBFMjn7EWXqlQ4tGwL6xTHeRplwuZmcAncdvfOad1nT2yMw==

lru-cache@^6.0.0:
  version "6.0.0"
  resolved "https://registry.yarnpkg.com/lru-cache/-/lru-cache-6.0.0.tgz#6d6fe6570ebd96aaf90fcad1dafa3b2566db3a94"
  integrity sha512-Jo6dJ04CmSjuznwJSS3pUeWmd/H0ffTlkXXgwZi+eq1UCmqQwCh+eLsYOYCwY991i2Fah4h1BEMCx4qThGbsiA==
  dependencies:
    yallist "^4.0.0"

minimatch@^3.0.4:
  version "3.0.4"
  resolved "https://registry.yarnpkg.com/minimatch/-/minimatch-3.0.4.tgz#5166e286457f03306064be5497e8dbb0c3d32083"
  integrity sha512-yJHVQEhyqPLUTgt9B83PXu6W3rx4MvvHvSUvToogpwoGDOUQ+yDrR0HRot+yOCdCO7u4hX3pWft6kWBBcqh0UA==
  dependencies:
    brace-expansion "^1.1.7"

once@^1.3.0:
  version "1.4.0"
  resolved "https://registry.yarnpkg.com/once/-/once-1.4.0.tgz#583b1aa775961d4b113ac17d9c50baef9dd76bd1"
  integrity sha1-WDsap3WWHUsROsF9nFC6753Xa9E=
  dependencies:
    wrappy "1"

path-is-absolute@^1.0.0:
  version "1.0.1"
  resolved "https://registry.yarnpkg.com/path-is-absolute/-/path-is-absolute-1.0.1.tgz#174b9268735534ffbc7ace6bf53a5a9e1b5c5f5f"
  integrity sha1-F0uSaHNVNP+8es5r9TpanhtcX18=

punycode@^2.1.1:
  version "2.1.1"
  resolved "https://registry.yarnpkg.com/punycode/-/punycode-2.1.1.tgz#b58b010ac40c22c5657616c8d2c2c02c7bf479ec"
  integrity sha512-XRsRjdf+j5ml+y/6GKHPZbrF/8p2Yga0JPtdqTIY2Xe5ohJPD9saDJJLPvp9+NSBprVvevdXZybnj2cv8OEd0A==

rimraf@^3.0.2:
  version "3.0.2"
  resolved "https://registry.yarnpkg.com/rimraf/-/rimraf-3.0.2.tgz#f1a5402ba6220ad52cc1282bac1ae3aa49fd061a"
  integrity sha512-JZkJMZkAGFFPP2YqXZXPbMlMBgsxzE8ILs4lMIX/2o0L9UBw9O/Y3o6wFw/i9YLapcUJWwqbi3kdxIPdC62TIA==
  dependencies:
    glob "^7.1.3"

semver@^7.3.5:
  version "7.3.5"
  resolved "https://registry.yarnpkg.com/semver/-/semver-7.3.5.tgz#0b621c879348d8998e4b0e4be94b3f12e6018ef7"
  integrity sha512-PoeGJYh8HK4BTO/a9Tf6ZG3veo/A7ZVsYrSA6J8ny9nb3B1VrpkuN+z9OE5wfE5p6H4LchYZsegiQgbJD94ZFQ==
  dependencies:
    lru-cache "^6.0.0"

typescript@~4.7.4:
  version "4.7.4"
  resolved "https://registry.yarnpkg.com/typescript/-/typescript-4.7.4.tgz#1a88596d1cf47d59507a1bcdfb5b9dfe4d488235"
  integrity sha512-C0WQT0gezHuw6AdY1M2jxUO83Rjf0HP7Sk1DtXj6j1EwkQNZrHAg2XPWlq62oqEhYvONq5pkC2Y9oPljWToLmQ==

universalify@^2.0.0:
  version "2.0.0"
  resolved "https://registry.yarnpkg.com/universalify/-/universalify-2.0.0.tgz#75a4984efedc4b08975c5aeb73f530d02df25717"
  integrity sha512-hAZsKq7Yy11Zu1DE0OzWjw7nnLZmJZYTDZZyEFHZdUhV8FkH5MCfoU1XMaxXovpyW5nq5scPqq0ZDP9Zyl04oQ==

wrappy@1:
  version "1.0.2"
  resolved "https://registry.yarnpkg.com/wrappy/-/wrappy-1.0.2.tgz#b5243d8f3ec1aa35f1364605bc0d1036e30ab69f"
  integrity sha1-tSQ9jz7BqjXxNkYFvA0QNuMKtp8=

yallist@^4.0.0:
  version "4.0.0"
  resolved "https://registry.yarnpkg.com/yallist/-/yallist-4.0.0.tgz#9bb92790d9c0effec63be73519e11a35019a3a72"
  integrity sha512-3wdGidZyq5PB084XLES5TpOSRA3wjXAlIWMhum2kRcv/41Sn2emQ0dycQW4uZXLejwKvg6EsvbdlVL+FYEct7A==
